
Microsoft Visual Studio Solution File, Format Version 12.00
# Visual Studio Version 17
VisualStudioVersion = 17.8.34511.84
MinimumVisualStudioVersion = 10.0.40219.1
Project("{FAE04EC0-301F-11D3-BF4B-00C04F79EFBC}") = "01Exercicio", "01Exercicio\01Exercicio.csproj", "{423BC307-BA73-4E8A-8BA8-7635C29D1ADD}"
EndProject
Global
	GlobalSection(SolutionConfigurationPlatforms) = preSolution
		Debug|Any CPU = Debug|Any CPU
		Release|Any CPU = Release|Any CPU
	EndGlobalSection
	GlobalSection(ProjectConfigurationPlatforms) = postSolution
		{423BC307-BA73-4E8A-8BA8-7635C29D1ADD}.Debug|Any CPU.ActiveCfg = Debug|Any CPU
		{423BC307-BA73-4E8A-8BA8-7635C29D1ADD}.Debug|Any CPU.Build.0 = Debug|Any CPU
		{423BC307-BA73-4E8A-8BA8-7635C29D1ADD}.Release|Any CPU.ActiveCfg = Release|Any CPU
		{423BC307-BA73-4E8A-8BA8-7635C29D1ADD}.Release|Any CPU.Build.0 = Release|Any CPU
	EndGlobalSection
	GlobalSection(SolutionProperties) = preSolution
		HideSolutionNode = FALSE
	EndGlobalSection
	GlobalSection(ExtensibilityGlobals) = postSolution
		SolutionGuid = {AD23B27A-B8B5-478A-8392-1F798626BD6B}
	EndGlobalSection
EndGlobal
