
Microsoft Visual Studio Solution File, Format Version 12.00
# Visual Studio Version 17
VisualStudioVersion = 17.8.34511.84
MinimumVisualStudioVersion = 10.0.40219.1
Project("{9A19103F-16F7-4668-BE54-9A1E7A4F7556}") = "01Exercicio", "01Exercicio\01Exercicio.csproj", "{423BC307-BA73-4E8A-8BA8-7635C29D1ADD}"
EndProject
Project("{9A19103F-16F7-4668-BE54-9A1E7A4F7556}") = "02Exercicio", "02Exercicio\02Exercicio.csproj", "{78762A15-8E7E-4A83-9A53-CBE91FF0232F}"
EndProject
Project("{9A19103F-16F7-4668-BE54-9A1E7A4F7556}") = "03Exercicio", "03Exercicio\03Exercicio.csproj", "{A33D978E-5EE3-499A-8A42-1905DC90EE81}"
EndProject
Project("{9A19103F-16F7-4668-BE54-9A1E7A4F7556}") = "04Exercicio", "04Exercicio\04Exercicio.csproj", "{F4E7727C-A489-4605-8377-FEF7A4D3BEE3}"
EndProject
Project("{FAE04EC0-301F-11D3-BF4B-00C04F79EFBC}") = "05Exercicio", "05Exercicio\05Exercicio.csproj", "{B62F3C51-0AA2-4E14-BDBC-6F469B7DBBC3}"
EndProject
Global
	GlobalSection(SolutionConfigurationPlatforms) = preSolution
		Debug|Any CPU = Debug|Any CPU
		Release|Any CPU = Release|Any CPU
	EndGlobalSection
	GlobalSection(ProjectConfigurationPlatforms) = postSolution
		{423BC307-BA73-4E8A-8BA8-7635C29D1ADD}.Debug|Any CPU.ActiveCfg = Debug|Any CPU
		{423BC307-BA73-4E8A-8BA8-7635C29D1ADD}.Debug|Any CPU.Build.0 = Debug|Any CPU
		{423BC307-BA73-4E8A-8BA8-7635C29D1ADD}.Release|Any CPU.ActiveCfg = Release|Any CPU
		{423BC307-BA73-4E8A-8BA8-7635C29D1ADD}.Release|Any CPU.Build.0 = Release|Any CPU
		{78762A15-8E7E-4A83-9A53-CBE91FF0232F}.Debug|Any CPU.ActiveCfg = Debug|Any CPU
		{78762A15-8E7E-4A83-9A53-CBE91FF0232F}.Debug|Any CPU.Build.0 = Debug|Any CPU
		{78762A15-8E7E-4A83-9A53-CBE91FF0232F}.Release|Any CPU.ActiveCfg = Release|Any CPU
		{78762A15-8E7E-4A83-9A53-CBE91FF0232F}.Release|Any CPU.Build.0 = Release|Any CPU
		{A33D978E-5EE3-499A-8A42-1905DC90EE81}.Debug|Any CPU.ActiveCfg = Debug|Any CPU
		{A33D978E-5EE3-499A-8A42-1905DC90EE81}.Debug|Any CPU.Build.0 = Debug|Any CPU
		{A33D978E-5EE3-499A-8A42-1905DC90EE81}.Release|Any CPU.ActiveCfg = Release|Any CPU
		{A33D978E-5EE3-499A-8A42-1905DC90EE81}.Release|Any CPU.Build.0 = Release|Any CPU
		{F4E7727C-A489-4605-8377-FEF7A4D3BEE3}.Debug|Any CPU.ActiveCfg = Debug|Any CPU
		{F4E7727C-A489-4605-8377-FEF7A4D3BEE3}.Debug|Any CPU.Build.0 = Debug|Any CPU
		{F4E7727C-A489-4605-8377-FEF7A4D3BEE3}.Release|Any CPU.ActiveCfg = Release|Any CPU
		{F4E7727C-A489-4605-8377-FEF7A4D3BEE3}.Release|Any CPU.Build.0 = Release|Any CPU
		{B62F3C51-0AA2-4E14-BDBC-6F469B7DBBC3}.Debug|Any CPU.ActiveCfg = Debug|Any CPU
		{B62F3C51-0AA2-4E14-BDBC-6F469B7DBBC3}.Debug|Any CPU.Build.0 = Debug|Any CPU
		{B62F3C51-0AA2-4E14-BDBC-6F469B7DBBC3}.Release|Any CPU.ActiveCfg = Release|Any CPU
		{B62F3C51-0AA2-4E14-BDBC-6F469B7DBBC3}.Release|Any CPU.Build.0 = Release|Any CPU
	EndGlobalSection
	GlobalSection(SolutionProperties) = preSolution
		HideSolutionNode = FALSE
	EndGlobalSection
	GlobalSection(ExtensibilityGlobals) = postSolution
		SolutionGuid = {AD23B27A-B8B5-478A-8392-1F798626BD6B}
	EndGlobalSection
EndGlobal
